// !$*UTF8*$!
{
	archiveVersion = 1;
	classes = {
	};
	objectVersion = 46;
	objects = {

/* Begin PBXBuildFile section */
		1471AB071FF3D35A00955925 /* SYParser.h in Headers */ = {isa = PBXBuildFile; fileRef = 1471AB061FF3D35A00955925 /* SYParser.h */; };
		1471AB091FF3D35A00955925 /* SYParser.m in Sources */ = {isa = PBXBuildFile; fileRef = 1471AB081FF3D35A00955925 /* SYParser.m */; };
		1471AB131FF3D3A500955925 /* CSVParser.h in Headers */ = {isa = PBXBuildFile; fileRef = 1471AB111FF3D3A500955925 /* CSVParser.h */; };
		1471AB141FF3D3A500955925 /* CSVParser.m in Sources */ = {isa = PBXBuildFile; fileRef = 1471AB121FF3D3A500955925 /* CSVParser.m */; };
		1471AB171FF3D3B000955925 /* StringsParser.h in Headers */ = {isa = PBXBuildFile; fileRef = 1471AB151FF3D3B000955925 /* StringsParser.h */; };
		1471AB181FF3D3B000955925 /* StringsParser.m in Sources */ = {isa = PBXBuildFile; fileRef = 1471AB161FF3D3B000955925 /* StringsParser.m */; };
/* End PBXBuildFile section */

/* Begin PBXFileReference section */
		1471AB031FF3D35A00955925 /* libSYParser.dylib */ = {isa = PBXFileReference; explicitFileType = "compiled.mach-o.dylib"; includeInIndex = 0; path = libSYParser.dylib; sourceTree = BUILT_PRODUCTS_DIR; };
		1471AB061FF3D35A00955925 /* SYParser.h */ = {isa = PBXFileReference; lastKnownFileType = sourcecode.c.h; path = SYParser.h; sourceTree = "<group>"; };
		1471AB081FF3D35A00955925 /* SYParser.m */ = {isa = PBXFileReference; lastKnownFileType = sourcecode.c.objc; path = SYParser.m; sourceTree = "<group>"; };
		1471AB111FF3D3A500955925 /* CSVParser.h */ = {isa = PBXFileReference; fileEncoding = 4; lastKnownFileType = sourcecode.c.h; path = CSVParser.h; sourceTree = "<group>"; };
		1471AB121FF3D3A500955925 /* CSVParser.m */ = {isa = PBXFileReference; fileEncoding = 4; lastKnownFileType = sourcecode.c.objc; path = CSVParser.m; sourceTree = "<group>"; };
		1471AB151FF3D3B000955925 /* StringsParser.h */ = {isa = PBXFileReference; fileEncoding = 4; lastKnownFileType = sourcecode.c.h; path = StringsParser.h; sourceTree = "<group>"; };
		1471AB161FF3D3B000955925 /* StringsParser.m */ = {isa = PBXFileReference; fileEncoding = 4; lastKnownFileType = sourcecode.c.objc; path = StringsParser.m; sourceTree = "<group>"; };
/* End PBXFileReference section */

/* Begin PBXFrameworksBuildPhase section */
		1471AB001FF3D35A00955925 /* Frameworks */ = {
			isa = PBXFrameworksBuildPhase;
			buildActionMask = 2147483647;
			files = (
			);
			runOnlyForDeploymentPostprocessing = 0;
		};
/* End PBXFrameworksBuildPhase section */

/* Begin PBXGroup section */
		1471AAFA1FF3D35A00955925 = {
			isa = PBXGroup;
			children = (
				1471AB051FF3D35A00955925 /* SYParser */,
				1471AB041FF3D35A00955925 /* Products */,
			);
			sourceTree = "<group>";
		};
		1471AB041FF3D35A00955925 /* Products */ = {
			isa = PBXGroup;
			children = (
				1471AB031FF3D35A00955925 /* libSYParser.dylib */,
			);
			name = Products;
			sourceTree = "<group>";
		};
		1471AB051FF3D35A00955925 /* SYParser */ = {
			isa = PBXGroup;
			children = (
				1471AB0F1FF3D38900955925 /* CSVParser */,
				1471AB101FF3D38900955925 /* StringsParser */,
				1471AB061FF3D35A00955925 /* SYParser.h */,
				1471AB081FF3D35A00955925 /* SYParser.m */,
			);
			path = SYParser;
			sourceTree = "<group>";
		};
		1471AB0F1FF3D38900955925 /* CSVParser */ = {
			isa = PBXGroup;
			children = (
				1471AB111FF3D3A500955925 /* CSVParser.h */,
				1471AB121FF3D3A500955925 /* CSVParser.m */,
			);
			path = CSVParser;
			sourceTree = "<group>";
		};
		1471AB101FF3D38900955925 /* StringsParser */ = {
			isa = PBXGroup;
			children = (
				1471AB151FF3D3B000955925 /* StringsParser.h */,
				1471AB161FF3D3B000955925 /* StringsParser.m */,
			);
			path = StringsParser;
			sourceTree = "<group>";
		};
/* End PBXGroup section */

/* Begin PBXHeadersBuildPhase section */
		1471AB011FF3D35A00955925 /* Headers */ = {
			isa = PBXHeadersBuildPhase;
			buildActionMask = 2147483647;
			files = (
				1471AB131FF3D3A500955925 /* CSVParser.h in Headers */,
				1471AB071FF3D35A00955925 /* SYParser.h in Headers */,
				1471AB171FF3D3B000955925 /* StringsParser.h in Headers */,
			);
			runOnlyForDeploymentPostprocessing = 0;
		};
/* End PBXHeadersBuildPhase section */

/* Begin PBXNativeTarget section */
		1471AB021FF3D35A00955925 /* SYParser */ = {
			isa = PBXNativeTarget;
			buildConfigurationList = 1471AB0C1FF3D35A00955925 /* Build configuration list for PBXNativeTarget "SYParser" */;
			buildPhases = (
				1471AAFF1FF3D35A00955925 /* Sources */,
				1471AB001FF3D35A00955925 /* Frameworks */,
				1471AB011FF3D35A00955925 /* Headers */,
			);
			buildRules = (
			);
			dependencies = (
			);
			name = SYParser;
			productName = SYParser;
			productReference = 1471AB031FF3D35A00955925 /* libSYParser.dylib */;
			productType = "com.apple.product-type.library.dynamic";
		};
/* End PBXNativeTarget section */

/* Begin PBXProject section */
		1471AAFB1FF3D35A00955925 /* Project object */ = {
			isa = PBXProject;
			attributes = {
				LastUpgradeCheck = 0830;
				ORGANIZATIONNAME = shenyuanluo;
				TargetAttributes = {
					1471AB021FF3D35A00955925 = {
						CreatedOnToolsVersion = 8.3.3;
						ProvisioningStyle = Automatic;
					};
				};
			};
			buildConfigurationList = 1471AAFE1FF3D35A00955925 /* Build configuration list for PBXProject "SYParser" */;
			compatibilityVersion = "Xcode 3.2";
			developmentRegion = English;
			hasScannedForEncodings = 0;
			knownRegions = (
				en,
			);
			mainGroup = 1471AAFA1FF3D35A00955925;
			productRefGroup = 1471AB041FF3D35A00955925 /* Products */;
			projectDirPath = "";
			projectRoot = "";
			targets = (
				1471AB021FF3D35A00955925 /* SYParser */,
			);
		};
/* End PBXProject section */

/* Begin PBXSourcesBuildPhase section */
		1471AAFF1FF3D35A00955925 /* Sources */ = {
			isa = PBXSourcesBuildPhase;
			buildActionMask = 2147483647;
			files = (
				1471AB091FF3D35A00955925 /* SYParser.m in Sources */,
				1471AB141FF3D3A500955925 /* CSVParser.m in Sources */,
				1471AB181FF3D3B000955925 /* StringsParser.m in Sources */,
			);
			runOnlyForDeploymentPostprocessing = 0;
		};
/* End PBXSourcesBuildPhase section */

/* Begin XCBuildConfiguration section */
		1471AB0A1FF3D35A00955925 /* Debug */ = {
			isa = XCBuildConfiguration;
			buildSettings = {
				ALWAYS_SEARCH_USER_PATHS = NO;
				CLANG_ANALYZER_NONNULL = YES;
				CLANG_ANALYZER_NUMBER_OBJECT_CONVERSION = YES_AGGRESSIVE;
				CLANG_CXX_LANGUAGE_STANDARD = "gnu++0x";
				CLANG_CXX_LIBRARY = "libc++";
				CLANG_ENABLE_MODULES = YES;
				CLANG_ENABLE_OBJC_ARC = YES;
				CLANG_WARN_BOOL_CONVERSION = YES;
				CLANG_WARN_CONSTANT_CONVERSION = YES;
				CLANG_WARN_DIRECT_OBJC_ISA_USAGE = YES_ERROR;
				CLANG_WARN_DOCUMENTATION_COMMENTS = YES;
				CLANG_WARN_EMPTY_BODY = YES;
				CLANG_WARN_ENUM_CONVERSION = YES;
				CLANG_WARN_INFINITE_RECURSION = YES;
				CLANG_WARN_INT_CONVERSION = YES;
				CLANG_WARN_OBJC_ROOT_CLASS = YES_ERROR;
				CLANG_WARN_SUSPICIOUS_MOVE = YES;
				CLANG_WARN_UNREACHABLE_CODE = YES;
				CLANG_WARN__DUPLICATE_METHOD_MATCH = YES;
				CODE_SIGN_IDENTITY = "-";
				COPY_PHASE_STRIP = NO;
				DEBUG_INFORMATION_FORMAT = dwarf;
				ENABLE_STRICT_OBJC_MSGSEND = YES;
				ENABLE_TESTABILITY = YES;
				GCC_C_LANGUAGE_STANDARD = gnu99;
				GCC_DYNAMIC_NO_PIC = NO;
				GCC_NO_COMMON_BLOCKS = YES;
				GCC_OPTIMIZATION_LEVEL = 0;
				GCC_PREPROCESSOR_DEFINITIONS = (
					"DEBUG=1",
					"$(inherited)",
				);
				GCC_WARN_64_TO_32_BIT_CONVERSION = YES;
				GCC_WARN_ABOUT_RETURN_TYPE = YES_ERROR;
				GCC_WARN_UNDECLARED_SELECTOR = YES;
				GCC_WARN_UNINITIALIZED_AUTOS = YES_AGGRESSIVE;
				GCC_WARN_UNUSED_FUNCTION = YES;
				GCC_WARN_UNUSED_VARIABLE = YES;
				MACOSX_DEPLOYMENT_TARGET = 10.12;
				MTL_ENABLE_DEBUG_INFO = YES;
				ONLY_ACTIVE_ARCH = YES;
				SDKROOT = macosx;
			};
			name = Debug;
		};
		1471AB0B1FF3D35A00955925 /* Release */ = {
			isa = XCBuildConfiguration;
			buildSettings = {
				ALWAYS_SEARCH_USER_PATHS = NO;
				CLANG_ANALYZER_NONNULL = YES;
				CLANG_ANALYZER_NUMBER_OBJECT_CONVERSION = YES_AGGRESSIVE;
				CLANG_CXX_LANGUAGE_STANDARD = "gnu++0x";
				CLANG_CXX_LIBRARY = "libc++";
				CLANG_ENABLE_MODULES = YES;
				CLANG_ENABLE_OBJC_ARC = YES;
				CLANG_WARN_BOOL_CONVERSION = YES;
				CLANG_WARN_CONSTANT_CONVERSION = YES;
				CLANG_WARN_DIRECT_OBJC_ISA_USAGE = YES_ERROR;
				CLANG_WARN_DOCUMENTATION_COMMENTS = YES;
				CLANG_WARN_EMPTY_BODY = YES;
				CLANG_WARN_ENUM_CONVERSION = YES;
				CLANG_WARN_INFINITE_RECURSION = YES;
				CLANG_WARN_INT_CONVERSION = YES;
				CLANG_WARN_OBJC_ROOT_CLASS = YES_ERROR;
				CLANG_WARN_SUSPICIOUS_MOVE = YES;
				CLANG_WARN_UNREACHABLE_CODE = YES;
				CLANG_WARN__DUPLICATE_METHOD_MATCH = YES;
				CODE_SIGN_IDENTITY = "-";
				COPY_PHASE_STRIP = NO;
				DEBUG_INFORMATION_FORMAT = "dwarf-with-dsym";
				ENABLE_NS_ASSERTIONS = NO;
				ENABLE_STRICT_OBJC_MSGSEND = YES;
				GCC_C_LANGUAGE_STANDARD = gnu99;
				GCC_NO_COMMON_BLOCKS = YES;
				GCC_WARN_64_TO_32_BIT_CONVERSION = YES;
				GCC_WARN_ABOUT_RETURN_TYPE = YES_ERROR;
				GCC_WARN_UNDECLARED_SELECTOR = YES;
				GCC_WARN_UNINITIALIZED_AUTOS = YES_AGGRESSIVE;
				GCC_WARN_UNUSED_FUNCTION = YES;
				GCC_WARN_UNUSED_VARIABLE = YES;
				MACOSX_DEPLOYMENT_TARGET = 10.12;
				MTL_ENABLE_DEBUG_INFO = NO;
				SDKROOT = macosx;
			};
			name = Release;
		};
		1471AB0D1FF3D35A00955925 /* Debug */ = {
			isa = XCBuildConfiguration;
			buildSettings = {
				DYLIB_COMPATIBILITY_VERSION = 1;
				DYLIB_CURRENT_VERSION = 1;
				EXECUTABLE_PREFIX = lib;
				MACOSX_DEPLOYMENT_TARGET = 10.8;
				PRODUCT_NAME = "$(TARGET_NAME)";
			};
			name = Debug;
		};
		1471AB0E1FF3D35A00955925 /* Release */ = {
			isa = XCBuildConfiguration;
			buildSettings = {
				DYLIB_COMPATIBILITY_VERSION = 1;
				DYLIB_CURRENT_VERSION = 1;
				EXECUTABLE_PREFIX = lib;
				MACOSX_DEPLOYMENT_TARGET = 10.8;
				PRODUCT_NAME = "$(TARGET_NAME)";
			};
			name = Release;
		};
/* End XCBuildConfiguration section */

/* Begin XCConfigurationList section */
		1471AAFE1FF3D35A00955925 /* Build configuration list for PBXProject "SYParser" */ = {
			isa = XCConfigurationList;
			buildConfigurations = (
				1471AB0A1FF3D35A00955925 /* Debug */,
				1471AB0B1FF3D35A00955925 /* Release */,
			);
			defaultConfigurationIsVisible = 0;
			defaultConfigurationName = Release;
		};
		1471AB0C1FF3D35A00955925 /* Build configuration list for PBXNativeTarget "SYParser" */ = {
			isa = XCConfigurationList;
			buildConfigurations = (
				1471AB0D1FF3D35A00955925 /* Debug */,
				1471AB0E1FF3D35A00955925 /* Release */,
			);
			defaultConfigurationIsVisible = 0;
		};
/* End XCConfigurationList section */
	};
	rootObject = 1471AAFB1FF3D35A00955925 /* Project object */;
}
